
Microsoft Visual Studio Solution File, Format Version 12.00
# Visual Studio Version 17
VisualStudioVersion = 17.2.32526.322
MinimumVisualStudioVersion = 10.0.40219.1
Project("{9A19103F-16F7-4668-BE54-9A1E7A4F7556}") = "DevCampDemos", "DevCampDemos.csproj", "{05825EA8-41B7-48D5-A90B-B0D2533675CE}"
EndProject
Global
	GlobalSection(SolutionConfigurationPlatforms) = preSolution
		Debug|Any CPU = Debug|Any CPU
		Release|Any CPU = Release|Any CPU
	EndGlobalSection
	GlobalSection(ProjectConfigurationPlatforms) = postSolution
		{05825EA8-41B7-48D5-A90B-B0D2533675CE}.Debug|Any CPU.ActiveCfg = Debug|Any CPU
		{05825EA8-41B7-48D5-A90B-B0D2533675CE}.Debug|Any CPU.Build.0 = Debug|Any CPU
		{05825EA8-41B7-48D5-A90B-B0D2533675CE}.Release|Any CPU.ActiveCfg = Release|Any CPU
		{05825EA8-41B7-48D5-A90B-B0D2533675CE}.Release|Any CPU.Build.0 = Release|Any CPU
	EndGlobalSection
	GlobalSection(SolutionProperties) = preSolution
		HideSolutionNode = FALSE
	EndGlobalSection
	GlobalSection(ExtensibilityGlobals) = postSolution
		SolutionGuid = {E9104716-F036-4794-AFA8-4824D70BF1E7}
	EndGlobalSection
EndGlobal
