
Microsoft Visual Studio Solution File, Format Version 12.00
# Visual Studio Version 17
VisualStudioVersion = 17.2.32526.322
MinimumVisualStudioVersion = 10.0.40219.1
Project("{9A19103F-16F7-4668-BE54-9A1E7A4F7556}") = "AzureFunctionSpa", "AzureFunctionSpa\AzureFunctionSpa.csproj", "{FDB2335D-C57B-4B81-A46A-A6CDE2833250}"
EndProject
Project("{9A19103F-16F7-4668-BE54-9A1E7A4F7556}") = "DevCampDemos", "..\DevCampDemos\DevCampDemos.csproj", "{9862A8B1-04EE-451A-9B87-438E5DC2C3C9}"
EndProject
Global
	GlobalSection(SolutionConfigurationPlatforms) = preSolution
		Debug|Any CPU = Debug|Any CPU
		Release|Any CPU = Release|Any CPU
	EndGlobalSection
	GlobalSection(ProjectConfigurationPlatforms) = postSolution
		{FDB2335D-C57B-4B81-A46A-A6CDE2833250}.Debug|Any CPU.ActiveCfg = Debug|Any CPU
		{FDB2335D-C57B-4B81-A46A-A6CDE2833250}.Debug|Any CPU.Build.0 = Debug|Any CPU
		{FDB2335D-C57B-4B81-A46A-A6CDE2833250}.Release|Any CPU.ActiveCfg = Release|Any CPU
		{FDB2335D-C57B-4B81-A46A-A6CDE2833250}.Release|Any CPU.Build.0 = Release|Any CPU
		{9862A8B1-04EE-451A-9B87-438E5DC2C3C9}.Debug|Any CPU.ActiveCfg = Debug|Any CPU
		{9862A8B1-04EE-451A-9B87-438E5DC2C3C9}.Debug|Any CPU.Build.0 = Debug|Any CPU
		{9862A8B1-04EE-451A-9B87-438E5DC2C3C9}.Release|Any CPU.ActiveCfg = Release|Any CPU
		{9862A8B1-04EE-451A-9B87-438E5DC2C3C9}.Release|Any CPU.Build.0 = Release|Any CPU
	EndGlobalSection
	GlobalSection(SolutionProperties) = preSolution
		HideSolutionNode = FALSE
	EndGlobalSection
	GlobalSection(ExtensibilityGlobals) = postSolution
		SolutionGuid = {A82E0F1F-942B-4C7E-BE85-ECF3A5EB3575}
	EndGlobalSection
EndGlobal
